
Microsoft Visual Studio Solution File, Format Version 12.00
# Visual Studio 15
VisualStudioVersion = 15.0.27703.2026
MinimumVisualStudioVersion = 10.0.40219.1
Project("{9A19103F-16F7-4668-BE54-9A1E7A4F7556}") = "API", "API\API.csproj", "{7860402E-1E7B-4B44-B2EA-FF85395C39E1}"
EndProject
Project("{9A19103F-16F7-4668-BE54-9A1E7A4F7556}") = "Core", "Core\Core.csproj", "{DAC8D9F8-3AC7-487D-8C08-C2578AA32F48}"
EndProject
Project("{9A19103F-16F7-4668-BE54-9A1E7A4F7556}") = "Data", "Data\Data.csproj", "{6C5C15B2-16E5-463F-B6AD-CDE0010762DC}"
EndProject
Project("{9A19103F-16F7-4668-BE54-9A1E7A4F7556}") = "Application", "Application\Application.csproj", "{99F5331E-4BA1-4F8D-B810-01901640CA21}"
EndProject
Project("{9A19103F-16F7-4668-BE54-9A1E7A4F7556}") = "Tests", "Tests\Tests.csproj", "{B6393784-7E75-43F8-AA0F-135E2E8560C7}"
EndProject
Project("{FAE04EC0-301F-11D3-BF4B-00C04F79EFBC}") = "KeywordsAPI", "KeywordsAPI\KeywordsAPI.csproj", "{FDF56A27-84ED-4982-8F91-5DD8D39EB258}"
EndProject
Project("{FAE04EC0-301F-11D3-BF4B-00C04F79EFBC}") = "ClusteringAPI", "ClusteringAPI\ClusteringAPI.csproj", "{666878D5-BEFC-428D-8C2E-AD6391C3428E}"
EndProject
Global
	GlobalSection(SolutionConfigurationPlatforms) = preSolution
		Debug|Any CPU = Debug|Any CPU
		Release|Any CPU = Release|Any CPU
	EndGlobalSection
	GlobalSection(ProjectConfigurationPlatforms) = postSolution
		{7860402E-1E7B-4B44-B2EA-FF85395C39E1}.Debug|Any CPU.ActiveCfg = Debug|Any CPU
		{7860402E-1E7B-4B44-B2EA-FF85395C39E1}.Debug|Any CPU.Build.0 = Debug|Any CPU
		{7860402E-1E7B-4B44-B2EA-FF85395C39E1}.Release|Any CPU.ActiveCfg = Release|Any CPU
		{7860402E-1E7B-4B44-B2EA-FF85395C39E1}.Release|Any CPU.Build.0 = Release|Any CPU
		{DAC8D9F8-3AC7-487D-8C08-C2578AA32F48}.Debug|Any CPU.ActiveCfg = Debug|Any CPU
		{DAC8D9F8-3AC7-487D-8C08-C2578AA32F48}.Debug|Any CPU.Build.0 = Debug|Any CPU
		{DAC8D9F8-3AC7-487D-8C08-C2578AA32F48}.Release|Any CPU.ActiveCfg = Release|Any CPU
		{DAC8D9F8-3AC7-487D-8C08-C2578AA32F48}.Release|Any CPU.Build.0 = Release|Any CPU
		{6C5C15B2-16E5-463F-B6AD-CDE0010762DC}.Debug|Any CPU.ActiveCfg = Debug|Any CPU
		{6C5C15B2-16E5-463F-B6AD-CDE0010762DC}.Debug|Any CPU.Build.0 = Debug|Any CPU
		{6C5C15B2-16E5-463F-B6AD-CDE0010762DC}.Release|Any CPU.ActiveCfg = Release|Any CPU
		{6C5C15B2-16E5-463F-B6AD-CDE0010762DC}.Release|Any CPU.Build.0 = Release|Any CPU
		{99F5331E-4BA1-4F8D-B810-01901640CA21}.Debug|Any CPU.ActiveCfg = Debug|Any CPU
		{99F5331E-4BA1-4F8D-B810-01901640CA21}.Debug|Any CPU.Build.0 = Debug|Any CPU
		{99F5331E-4BA1-4F8D-B810-01901640CA21}.Release|Any CPU.ActiveCfg = Release|Any CPU
		{99F5331E-4BA1-4F8D-B810-01901640CA21}.Release|Any CPU.Build.0 = Release|Any CPU
		{B6393784-7E75-43F8-AA0F-135E2E8560C7}.Debug|Any CPU.ActiveCfg = Debug|Any CPU
		{B6393784-7E75-43F8-AA0F-135E2E8560C7}.Debug|Any CPU.Build.0 = Debug|Any CPU
		{B6393784-7E75-43F8-AA0F-135E2E8560C7}.Release|Any CPU.ActiveCfg = Release|Any CPU
		{B6393784-7E75-43F8-AA0F-135E2E8560C7}.Release|Any CPU.Build.0 = Release|Any CPU
		{FDF56A27-84ED-4982-8F91-5DD8D39EB258}.Debug|Any CPU.ActiveCfg = Debug|Any CPU
		{FDF56A27-84ED-4982-8F91-5DD8D39EB258}.Debug|Any CPU.Build.0 = Debug|Any CPU
		{FDF56A27-84ED-4982-8F91-5DD8D39EB258}.Release|Any CPU.ActiveCfg = Release|Any CPU
		{FDF56A27-84ED-4982-8F91-5DD8D39EB258}.Release|Any CPU.Build.0 = Release|Any CPU
		{666878D5-BEFC-428D-8C2E-AD6391C3428E}.Debug|Any CPU.ActiveCfg = Debug|Any CPU
		{666878D5-BEFC-428D-8C2E-AD6391C3428E}.Debug|Any CPU.Build.0 = Debug|Any CPU
		{666878D5-BEFC-428D-8C2E-AD6391C3428E}.Release|Any CPU.ActiveCfg = Release|Any CPU
		{666878D5-BEFC-428D-8C2E-AD6391C3428E}.Release|Any CPU.Build.0 = Release|Any CPU
	EndGlobalSection
	GlobalSection(SolutionProperties) = preSolution
		HideSolutionNode = FALSE
	EndGlobalSection
	GlobalSection(ExtensibilityGlobals) = postSolution
		SolutionGuid = {F9BD112A-449A-44EF-9066-4FDA7471849A}
	EndGlobalSection
EndGlobal
